// !$*UTF8*$!
{
	archiveVersion = 1;
	classes = {
	};
	objectVersion = 50;
	objects = {

/* Begin PBXBuildFile section */
		6E0423712439F6AE00E113F4 /* AppDelegate.m in Sources */ = {isa = PBXBuildFile; fileRef = 6E0423702439F6AE00E113F4 /* AppDelegate.m */; };
		6E0423732439F6AF00E113F4 /* Assets.xcassets in Resources */ = {isa = PBXBuildFile; fileRef = 6E0423722439F6AF00E113F4 /* Assets.xcassets */; };
		6E0423762439F6AF00E113F4 /* Main.xib in Resources */ = {isa = PBXBuildFile; fileRef = 6E0423742439F6AF00E113F4 /* Main.xib */; };
		6E0423792439F6AF00E113F4 /* main.m in Sources */ = {isa = PBXBuildFile; fileRef = 6E0423782439F6AF00E113F4 /* main.m */; };
		6E0423BD243A1A8C00E113F4 /* ControlsView.m in Sources */ = {isa = PBXBuildFile; fileRef = 6E0423BC243A1A8C00E113F4 /* ControlsView.m */; };
		6E0423C3243A37FA00E113F4 /* PopoverViewController.m in Sources */ = {isa = PBXBuildFile; fileRef = 6E0423C2243A37FA00E113F4 /* PopoverViewController.m */; };
		6E0423EA243A437700E113F4 /* MediaRemote.framework in Frameworks */ = {isa = PBXBuildFile; fileRef = 6E0423E9243A437700E113F4 /* MediaRemote.framework */; };
		6E0423EF243B086B00E113F4 /* Button.m in Sources */ = {isa = PBXBuildFile; fileRef = 6E0423EE243B086B00E113F4 /* Button.m */; };
		6E0423F3243B4A8E00E113F4 /* NSObject+Debounce.m in Sources */ = {isa = PBXBuildFile; fileRef = 6E0423F2243B4A8E00E113F4 /* NSObject+Debounce.m */; };
		6E0423F6243B691700E113F4 /* NSImage+ProportionalScaling.m in Sources */ = {isa = PBXBuildFile; fileRef = 6E0423F5243B691700E113F4 /* NSImage+ProportionalScaling.m */; };
		6E0423FC243D240D00E113F4 /* GlobalState.m in Sources */ = {isa = PBXBuildFile; fileRef = 6E0423FB243D240D00E113F4 /* GlobalState.m */; };
		6E04241D243D44CC00E113F4 /* NSString+FormatTime.mm in Sources */ = {isa = PBXBuildFile; fileRef = 6E04241C243D44CC00E113F4 /* NSString+FormatTime.mm */; };
		6E3FB6DA2441458100A343FE /* DefaultPreferences.plist in Resources */ = {isa = PBXBuildFile; fileRef = 6E3FB6D92441458100A343FE /* DefaultPreferences.plist */; };
		6E3FB6DD2441695C00A343FE /* NSString+StatusItemLength.mm in Sources */ = {isa = PBXBuildFile; fileRef = 6E3FB6DC2441695C00A343FE /* NSString+StatusItemLength.mm */; };
		6E3FB6E72441832A00A343FE /* UserDefaultsKeys.m in Sources */ = {isa = PBXBuildFile; fileRef = 6E3FB6E62441832A00A343FE /* UserDefaultsKeys.m */; };
		6E3FB6EA24418BD900A343FE /* GeneralPreferencesTabPageViewController.m in Sources */ = {isa = PBXBuildFile; fileRef = 6E3FB6E924418BD900A343FE /* GeneralPreferencesTabPageViewController.m */; };
		6E3FB6ED2441920F00A343FE /* PreferencesCheckbox.m in Sources */ = {isa = PBXBuildFile; fileRef = 6E3FB6EC2441920F00A343FE /* PreferencesCheckbox.m */; };
		6E3FB6F02441A69900A343FE /* PreferencesPopUpButton.m in Sources */ = {isa = PBXBuildFile; fileRef = 6E3FB6EF2441A69900A343FE /* PreferencesPopUpButton.m */; };
		6E3FB72D2443799D00A343FE /* Cartfile in Resources */ = {isa = PBXBuildFile; fileRef = 6E3FB72C2443799D00A343FE /* Cartfile */; };
		6E3FB73024437B3600A343FE /* DNLoginServiceKit.framework in Frameworks */ = {isa = PBXBuildFile; fileRef = 6E3FB72E24437ADE00A343FE /* DNLoginServiceKit.framework */; };
		6E3FB73124437B3600A343FE /* DNLoginServiceKit.framework in Embed Frameworks */ = {isa = PBXBuildFile; fileRef = 6E3FB72E24437ADE00A343FE /* DNLoginServiceKit.framework */; settings = {ATTRIBUTES = (CodeSignOnCopy, RemoveHeadersOnCopy, ); }; };
		6E3FB73724437D4900A343FE /* DNLoginServiceKit.framework.dSYM in CopyFiles */ = {isa = PBXBuildFile; fileRef = 6E3FB73624437D4900A343FE /* DNLoginServiceKit.framework.dSYM */; };
		6E8192F6243E94A100879AEE /* ProgressContainerView.m in Sources */ = {isa = PBXBuildFile; fileRef = 6E8192F5243E94A100879AEE /* ProgressContainerView.m */; };
		6E8192FA2440EEAD00879AEE /* Preferences.storyboard in Resources */ = {isa = PBXBuildFile; fileRef = 6E8192F92440EEAD00879AEE /* Preferences.storyboard */; };
		6E8193002441271200879AEE /* PreferencesTabViewController.m in Sources */ = {isa = PBXBuildFile; fileRef = 6E8192FF2441271200879AEE /* PreferencesTabViewController.m */; };
		6E81930324412A5000879AEE /* PreferencesTabPageViewController.m in Sources */ = {isa = PBXBuildFile; fileRef = 6E81930224412A5000879AEE /* PreferencesTabPageViewController.m */; };
/* End PBXBuildFile section */

/* Begin PBXCopyFilesBuildPhase section */
		6E3FB73224437B3600A343FE /* Embed Frameworks */ = {
			isa = PBXCopyFilesBuildPhase;
			buildActionMask = 2147483647;
			dstPath = "";
			dstSubfolderSpec = 10;
			files = (
				6E3FB73124437B3600A343FE /* DNLoginServiceKit.framework in Embed Frameworks */,
			);
			name = "Embed Frameworks";
			runOnlyForDeploymentPostprocessing = 0;
		};
		6E3FB73324437B4800A343FE /* CopyFiles */ = {
			isa = PBXCopyFilesBuildPhase;
			buildActionMask = 2147483647;
			dstPath = "";
			dstSubfolderSpec = 16;
			files = (
				6E3FB73724437D4900A343FE /* DNLoginServiceKit.framework.dSYM in CopyFiles */,
			);
			runOnlyForDeploymentPostprocessing = 0;
		};
/* End PBXCopyFilesBuildPhase section */

/* Begin PBXFileReference section */
		6E04236C2439F6AE00E113F4 /* MusicBar.app */ = {isa = PBXFileReference; explicitFileType = wrapper.application; includeInIndex = 0; path = MusicBar.app; sourceTree = BUILT_PRODUCTS_DIR; };
		6E04236F2439F6AE00E113F4 /* AppDelegate.h */ = {isa = PBXFileReference; lastKnownFileType = sourcecode.c.h; path = AppDelegate.h; sourceTree = "<group>"; };
		6E0423702439F6AE00E113F4 /* AppDelegate.m */ = {isa = PBXFileReference; lastKnownFileType = sourcecode.c.objc; path = AppDelegate.m; sourceTree = "<group>"; };
		6E0423722439F6AF00E113F4 /* Assets.xcassets */ = {isa = PBXFileReference; lastKnownFileType = folder.assetcatalog; path = Assets.xcassets; sourceTree = "<group>"; };
		6E0423752439F6AF00E113F4 /* Base */ = {isa = PBXFileReference; lastKnownFileType = file.xib; name = Base; path = Base.lproj/Main.xib; sourceTree = "<group>"; };
		6E0423772439F6AF00E113F4 /* Info.plist */ = {isa = PBXFileReference; lastKnownFileType = text.plist.xml; path = Info.plist; sourceTree = "<group>"; };
		6E0423782439F6AF00E113F4 /* main.m */ = {isa = PBXFileReference; lastKnownFileType = sourcecode.c.objc; path = main.m; sourceTree = "<group>"; };
		6E04237A2439F6AF00E113F4 /* app.entitlements */ = {isa = PBXFileReference; lastKnownFileType = text.plist.entitlements; path = app.entitlements; sourceTree = "<group>"; };
		6E0423BB243A1A8C00E113F4 /* ControlsView.h */ = {isa = PBXFileReference; lastKnownFileType = sourcecode.c.h; path = ControlsView.h; sourceTree = "<group>"; };
		6E0423BC243A1A8C00E113F4 /* ControlsView.m */ = {isa = PBXFileReference; lastKnownFileType = sourcecode.c.objc; path = ControlsView.m; sourceTree = "<group>"; };
		6E0423C1243A37FA00E113F4 /* PopoverViewController.h */ = {isa = PBXFileReference; lastKnownFileType = sourcecode.c.h; path = PopoverViewController.h; sourceTree = "<group>"; };
		6E0423C2243A37FA00E113F4 /* PopoverViewController.m */ = {isa = PBXFileReference; lastKnownFileType = sourcecode.c.objc; path = PopoverViewController.m; sourceTree = "<group>"; };
		6E0423E9243A437700E113F4 /* MediaRemote.framework */ = {isa = PBXFileReference; lastKnownFileType = wrapper.framework; name = MediaRemote.framework; path = ../../../../System/Library/PrivateFrameworks/MediaRemote.framework; sourceTree = "<group>"; };
		6E0423ED243B086B00E113F4 /* Button.h */ = {isa = PBXFileReference; lastKnownFileType = sourcecode.c.h; path = Button.h; sourceTree = "<group>"; };
		6E0423EE243B086B00E113F4 /* Button.m */ = {isa = PBXFileReference; lastKnownFileType = sourcecode.c.objc; path = Button.m; sourceTree = "<group>"; };
		6E0423F0243B124000E113F4 /* MediaRemote.h */ = {isa = PBXFileReference; lastKnownFileType = sourcecode.c.h; path = MediaRemote.h; sourceTree = "<group>"; };
		6E0423F1243B4A8E00E113F4 /* NSObject+Debounce.h */ = {isa = PBXFileReference; lastKnownFileType = sourcecode.c.h; path = "NSObject+Debounce.h"; sourceTree = "<group>"; };
		6E0423F2243B4A8E00E113F4 /* NSObject+Debounce.m */ = {isa = PBXFileReference; lastKnownFileType = sourcecode.c.objc; path = "NSObject+Debounce.m"; sourceTree = "<group>"; };
		6E0423F4243B691700E113F4 /* NSImage+ProportionalScaling.h */ = {isa = PBXFileReference; lastKnownFileType = sourcecode.c.h; path = "NSImage+ProportionalScaling.h"; sourceTree = "<group>"; };
		6E0423F5243B691700E113F4 /* NSImage+ProportionalScaling.m */ = {isa = PBXFileReference; lastKnownFileType = sourcecode.c.objc; path = "NSImage+ProportionalScaling.m"; sourceTree = "<group>"; };
		6E0423FA243D240D00E113F4 /* GlobalState.h */ = {isa = PBXFileReference; lastKnownFileType = sourcecode.c.h; path = GlobalState.h; sourceTree = "<group>"; };
		6E0423FB243D240D00E113F4 /* GlobalState.m */ = {isa = PBXFileReference; lastKnownFileType = sourcecode.c.objc; path = GlobalState.m; sourceTree = "<group>"; };
		6E04241B243D44CC00E113F4 /* NSString+FormatTime.h */ = {isa = PBXFileReference; lastKnownFileType = sourcecode.c.h; path = "NSString+FormatTime.h"; sourceTree = "<group>"; };
		6E04241C243D44CC00E113F4 /* NSString+FormatTime.mm */ = {isa = PBXFileReference; lastKnownFileType = sourcecode.cpp.objcpp; path = "NSString+FormatTime.mm"; sourceTree = "<group>"; };
		6E3FB6D92441458100A343FE /* DefaultPreferences.plist */ = {isa = PBXFileReference; lastKnownFileType = text.plist.xml; path = DefaultPreferences.plist; sourceTree = "<group>"; };
		6E3FB6DB2441695C00A343FE /* NSString+StatusItemLength.h */ = {isa = PBXFileReference; lastKnownFileType = sourcecode.c.h; path = "NSString+StatusItemLength.h"; sourceTree = "<group>"; };
		6E3FB6DC2441695C00A343FE /* NSString+StatusItemLength.mm */ = {isa = PBXFileReference; lastKnownFileType = sourcecode.cpp.objcpp; path = "NSString+StatusItemLength.mm"; sourceTree = "<group>"; };
		6E3FB6E52441832A00A343FE /* UserDefaultsKeys.h */ = {isa = PBXFileReference; lastKnownFileType = sourcecode.c.h; path = UserDefaultsKeys.h; sourceTree = "<group>"; };
		6E3FB6E62441832A00A343FE /* UserDefaultsKeys.m */ = {isa = PBXFileReference; lastKnownFileType = sourcecode.c.objc; path = UserDefaultsKeys.m; sourceTree = "<group>"; };
		6E3FB6E824418BD900A343FE /* GeneralPreferencesTabPageViewController.h */ = {isa = PBXFileReference; lastKnownFileType = sourcecode.c.h; path = GeneralPreferencesTabPageViewController.h; sourceTree = "<group>"; };
		6E3FB6E924418BD900A343FE /* GeneralPreferencesTabPageViewController.m */ = {isa = PBXFileReference; lastKnownFileType = sourcecode.c.objc; path = GeneralPreferencesTabPageViewController.m; sourceTree = "<group>"; };
		6E3FB6EB2441920F00A343FE /* PreferencesCheckbox.h */ = {isa = PBXFileReference; lastKnownFileType = sourcecode.c.h; path = PreferencesCheckbox.h; sourceTree = "<group>"; };
		6E3FB6EC2441920F00A343FE /* PreferencesCheckbox.m */ = {isa = PBXFileReference; lastKnownFileType = sourcecode.c.objc; path = PreferencesCheckbox.m; sourceTree = "<group>"; };
		6E3FB6EE2441A69900A343FE /* PreferencesPopUpButton.h */ = {isa = PBXFileReference; lastKnownFileType = sourcecode.c.h; path = PreferencesPopUpButton.h; sourceTree = "<group>"; };
		6E3FB6EF2441A69900A343FE /* PreferencesPopUpButton.m */ = {isa = PBXFileReference; lastKnownFileType = sourcecode.c.objc; path = PreferencesPopUpButton.m; sourceTree = "<group>"; };
		6E3FB72B244378F100A343FE /* README.md */ = {isa = PBXFileReference; lastKnownFileType = net.daringfireball.markdown; path = README.md; sourceTree = "<group>"; };
		6E3FB72C2443799D00A343FE /* Cartfile */ = {isa = PBXFileReference; fileEncoding = 4; lastKnownFileType = text; path = Cartfile; sourceTree = "<group>"; };
		6E3FB72E24437ADE00A343FE /* DNLoginServiceKit.framework */ = {isa = PBXFileReference; lastKnownFileType = wrapper.framework; name = DNLoginServiceKit.framework; path = Carthage/Build/Mac/DNLoginServiceKit.framework; sourceTree = "<group>"; };
		6E3FB73624437D4900A343FE /* DNLoginServiceKit.framework.dSYM */ = {isa = PBXFileReference; lastKnownFileType = wrapper.dsym; name = DNLoginServiceKit.framework.dSYM; path = Carthage/Build/Mac/DNLoginServiceKit.framework.dSYM; sourceTree = "<group>"; };
		6E8192F4243E94A100879AEE /* ProgressContainerView.h */ = {isa = PBXFileReference; lastKnownFileType = sourcecode.c.h; path = ProgressContainerView.h; sourceTree = "<group>"; };
		6E8192F5243E94A100879AEE /* ProgressContainerView.m */ = {isa = PBXFileReference; lastKnownFileType = sourcecode.c.objc; path = ProgressContainerView.m; sourceTree = "<group>"; };
		6E8192F92440EEAD00879AEE /* Preferences.storyboard */ = {isa = PBXFileReference; lastKnownFileType = file.storyboard; path = Preferences.storyboard; sourceTree = "<group>"; };
		6E8192FE2441271200879AEE /* PreferencesTabViewController.h */ = {isa = PBXFileReference; lastKnownFileType = sourcecode.c.h; path = PreferencesTabViewController.h; sourceTree = "<group>"; };
		6E8192FF2441271200879AEE /* PreferencesTabViewController.m */ = {isa = PBXFileReference; lastKnownFileType = sourcecode.c.objc; path = PreferencesTabViewController.m; sourceTree = "<group>"; };
		6E81930124412A5000879AEE /* PreferencesTabPageViewController.h */ = {isa = PBXFileReference; lastKnownFileType = sourcecode.c.h; path = PreferencesTabPageViewController.h; sourceTree = "<group>"; };
		6E81930224412A5000879AEE /* PreferencesTabPageViewController.m */ = {isa = PBXFileReference; lastKnownFileType = sourcecode.c.objc; path = PreferencesTabPageViewController.m; sourceTree = "<group>"; };
/* End PBXFileReference section */

/* Begin PBXFrameworksBuildPhase section */
		6E0423692439F6AE00E113F4 /* Frameworks */ = {
			isa = PBXFrameworksBuildPhase;
			buildActionMask = 2147483647;
			files = (
				6E0423EA243A437700E113F4 /* MediaRemote.framework in Frameworks */,
				6E3FB73024437B3600A343FE /* DNLoginServiceKit.framework in Frameworks */,
			);
			runOnlyForDeploymentPostprocessing = 0;
		};
/* End PBXFrameworksBuildPhase section */

/* Begin PBXGroup section */
		6E0423632439F6AE00E113F4 = {
			isa = PBXGroup;
			children = (
				6E0423E8243A437700E113F4 /* Frameworks */,
				6E3FB73824437D8800A343FE /* Symbols */,
				6E04236D2439F6AE00E113F4 /* Products */,
				6E04241A243D449400E113F4 /* Categories */,
				6E8192FD244126E100879AEE /* Preferences */,
				6E0423722439F6AF00E113F4 /* Assets.xcassets */,
				6E3FB72B244378F100A343FE /* README.md */,
				6E04237A2439F6AF00E113F4 /* app.entitlements */,
				6E3FB6D92441458100A343FE /* DefaultPreferences.plist */,
				6E0423772439F6AF00E113F4 /* Info.plist */,
				6E3FB72C2443799D00A343FE /* Cartfile */,
				6E0423782439F6AF00E113F4 /* main.m */,
				6E0423742439F6AF00E113F4 /* Main.xib */,
				6E0423F0243B124000E113F4 /* MediaRemote.h */,
				6E3FB6E52441832A00A343FE /* UserDefaultsKeys.h */,
				6E3FB6E62441832A00A343FE /* UserDefaultsKeys.m */,
				6E0423FA243D240D00E113F4 /* GlobalState.h */,
				6E0423FB243D240D00E113F4 /* GlobalState.m */,
				6E04236F2439F6AE00E113F4 /* AppDelegate.h */,
				6E0423702439F6AE00E113F4 /* AppDelegate.m */,
				6E0423BB243A1A8C00E113F4 /* ControlsView.h */,
				6E0423BC243A1A8C00E113F4 /* ControlsView.m */,
				6E0423C1243A37FA00E113F4 /* PopoverViewController.h */,
				6E0423C2243A37FA00E113F4 /* PopoverViewController.m */,
				6E0423ED243B086B00E113F4 /* Button.h */,
				6E0423EE243B086B00E113F4 /* Button.m */,
				6E8192F4243E94A100879AEE /* ProgressContainerView.h */,
				6E8192F5243E94A100879AEE /* ProgressContainerView.m */,
			);
			sourceTree = "<group>";
		};
		6E04236D2439F6AE00E113F4 /* Products */ = {
			isa = PBXGroup;
			children = (
				6E04236C2439F6AE00E113F4 /* MusicBar.app */,
			);
			name = Products;
			sourceTree = "<group>";
		};
		6E0423E8243A437700E113F4 /* Frameworks */ = {
			isa = PBXGroup;
			children = (
				6E0423E9243A437700E113F4 /* MediaRemote.framework */,
				6E3FB72E24437ADE00A343FE /* DNLoginServiceKit.framework */,
			);
			name = Frameworks;
			sourceTree = "<group>";
		};
		6E04241A243D449400E113F4 /* Categories */ = {
			isa = PBXGroup;
			children = (
				6E0423F1243B4A8E00E113F4 /* NSObject+Debounce.h */,
				6E0423F2243B4A8E00E113F4 /* NSObject+Debounce.m */,
				6E0423F4243B691700E113F4 /* NSImage+ProportionalScaling.h */,
				6E0423F5243B691700E113F4 /* NSImage+ProportionalScaling.m */,
				6E04241B243D44CC00E113F4 /* NSString+FormatTime.h */,
				6E04241C243D44CC00E113F4 /* NSString+FormatTime.mm */,
				6E3FB6DB2441695C00A343FE /* NSString+StatusItemLength.h */,
				6E3FB6DC2441695C00A343FE /* NSString+StatusItemLength.mm */,
			);
			path = Categories;
			sourceTree = "<group>";
		};
		6E3FB73824437D8800A343FE /* Symbols */ = {
			isa = PBXGroup;
			children = (
				6E3FB73624437D4900A343FE /* DNLoginServiceKit.framework.dSYM */,
			);
			name = Symbols;
			sourceTree = "<group>";
		};
		6E8192FD244126E100879AEE /* Preferences */ = {
			isa = PBXGroup;
			children = (
				6E8192F92440EEAD00879AEE /* Preferences.storyboard */,
				6E8192FE2441271200879AEE /* PreferencesTabViewController.h */,
				6E8192FF2441271200879AEE /* PreferencesTabViewController.m */,
				6E81930124412A5000879AEE /* PreferencesTabPageViewController.h */,
				6E81930224412A5000879AEE /* PreferencesTabPageViewController.m */,
				6E3FB6E824418BD900A343FE /* GeneralPreferencesTabPageViewController.h */,
				6E3FB6E924418BD900A343FE /* GeneralPreferencesTabPageViewController.m */,
				6E3FB6EB2441920F00A343FE /* PreferencesCheckbox.h */,
				6E3FB6EC2441920F00A343FE /* PreferencesCheckbox.m */,
				6E3FB6EE2441A69900A343FE /* PreferencesPopUpButton.h */,
				6E3FB6EF2441A69900A343FE /* PreferencesPopUpButton.m */,
			);
			path = Preferences;
			sourceTree = "<group>";
		};
/* End PBXGroup section */

/* Begin PBXNativeTarget section */
		6E04236B2439F6AE00E113F4 /* MusicBar */ = {
			isa = PBXNativeTarget;
			buildConfigurationList = 6E04237D2439F6AF00E113F4 /* Build configuration list for PBXNativeTarget "MusicBar" */;
			buildPhases = (
				6E0423682439F6AE00E113F4 /* Sources */,
				6E0423692439F6AE00E113F4 /* Frameworks */,
				6E04236A2439F6AE00E113F4 /* Resources */,
				6E3FB73224437B3600A343FE /* Embed Frameworks */,
				6E3FB73324437B4800A343FE /* CopyFiles */,
			);
			buildRules = (
			);
			dependencies = (
			);
			name = MusicBar;
			productName = MusicMenu;
			productReference = 6E04236C2439F6AE00E113F4 /* MusicBar.app */;
			productType = "com.apple.product-type.application";
		};
/* End PBXNativeTarget section */

/* Begin PBXProject section */
		6E0423642439F6AE00E113F4 /* Project object */ = {
			isa = PBXProject;
			attributes = {
				LastUpgradeCheck = 1140;
				ORGANIZATIONNAME = "Dimitar Nestorov";
				TargetAttributes = {
					6E04236B2439F6AE00E113F4 = {
						CreatedOnToolsVersion = 11.4;
					};
				};
			};
			buildConfigurationList = 6E0423672439F6AE00E113F4 /* Build configuration list for PBXProject "MusicBar" */;
			compatibilityVersion = "Xcode 9.3";
			developmentRegion = en;
			hasScannedForEncodings = 0;
			knownRegions = (
				en,
				Base,
			);
			mainGroup = 6E0423632439F6AE00E113F4;
			productRefGroup = 6E04236D2439F6AE00E113F4 /* Products */;
			projectDirPath = "";
			projectRoot = "";
			targets = (
				6E04236B2439F6AE00E113F4 /* MusicBar */,
			);
		};
/* End PBXProject section */

/* Begin PBXResourcesBuildPhase section */
		6E04236A2439F6AE00E113F4 /* Resources */ = {
			isa = PBXResourcesBuildPhase;
			buildActionMask = 2147483647;
			files = (
				6E3FB72D2443799D00A343FE /* Cartfile in Resources */,
				6E8192FA2440EEAD00879AEE /* Preferences.storyboard in Resources */,
				6E3FB6DA2441458100A343FE /* DefaultPreferences.plist in Resources */,
				6E0423732439F6AF00E113F4 /* Assets.xcassets in Resources */,
				6E0423762439F6AF00E113F4 /* Main.xib in Resources */,
			);
			runOnlyForDeploymentPostprocessing = 0;
		};
/* End PBXResourcesBuildPhase section */

/* Begin PBXSourcesBuildPhase section */
		6E0423682439F6AE00E113F4 /* Sources */ = {
			isa = PBXSourcesBuildPhase;
			buildActionMask = 2147483647;
			files = (
				6E3FB6DD2441695C00A343FE /* NSString+StatusItemLength.mm in Sources */,
				6E0423F3243B4A8E00E113F4 /* NSObject+Debounce.m in Sources */,
				6E3FB6F02441A69900A343FE /* PreferencesPopUpButton.m in Sources */,
				6E81930324412A5000879AEE /* PreferencesTabPageViewController.m in Sources */,
				6E04241D243D44CC00E113F4 /* NSString+FormatTime.mm in Sources */,
				6E0423F6243B691700E113F4 /* NSImage+ProportionalScaling.m in Sources */,
				6E3FB6EA24418BD900A343FE /* GeneralPreferencesTabPageViewController.m in Sources */,
				6E0423C3243A37FA00E113F4 /* PopoverViewController.m in Sources */,
				6E0423EF243B086B00E113F4 /* Button.m in Sources */,
				6E0423BD243A1A8C00E113F4 /* ControlsView.m in Sources */,
				6E3FB6ED2441920F00A343FE /* PreferencesCheckbox.m in Sources */,
				6E0423792439F6AF00E113F4 /* main.m in Sources */,
				6E8193002441271200879AEE /* PreferencesTabViewController.m in Sources */,
				6E3FB6E72441832A00A343FE /* UserDefaultsKeys.m in Sources */,
				6E8192F6243E94A100879AEE /* ProgressContainerView.m in Sources */,
				6E0423712439F6AE00E113F4 /* AppDelegate.m in Sources */,
				6E0423FC243D240D00E113F4 /* GlobalState.m in Sources */,
			);
			runOnlyForDeploymentPostprocessing = 0;
		};
/* End PBXSourcesBuildPhase section */

/* Begin PBXVariantGroup section */
		6E0423742439F6AF00E113F4 /* Main.xib */ = {
			isa = PBXVariantGroup;
			children = (
				6E0423752439F6AF00E113F4 /* Base */,
			);
			name = Main.xib;
			sourceTree = "<group>";
		};
/* End PBXVariantGroup section */

/* Begin XCBuildConfiguration section */
		6E04237B2439F6AF00E113F4 /* Debug */ = {
			isa = XCBuildConfiguration;
			buildSettings = {
				ALWAYS_SEARCH_USER_PATHS = NO;
				CLANG_ANALYZER_NONNULL = YES;
				CLANG_ANALYZER_NUMBER_OBJECT_CONVERSION = YES_AGGRESSIVE;
				CLANG_CXX_LANGUAGE_STANDARD = "gnu++14";
				CLANG_CXX_LIBRARY = "libc++";
				CLANG_ENABLE_MODULES = YES;
				CLANG_ENABLE_OBJC_ARC = YES;
				CLANG_ENABLE_OBJC_WEAK = YES;
				CLANG_WARN_BLOCK_CAPTURE_AUTORELEASING = YES;
				CLANG_WARN_BOOL_CONVERSION = YES;
				CLANG_WARN_COMMA = YES;
				CLANG_WARN_CONSTANT_CONVERSION = YES;
				CLANG_WARN_DEPRECATED_OBJC_IMPLEMENTATIONS = YES;
				CLANG_WARN_DIRECT_OBJC_ISA_USAGE = YES_ERROR;
				CLANG_WARN_DOCUMENTATION_COMMENTS = YES;
				CLANG_WARN_EMPTY_BODY = YES;
				CLANG_WARN_ENUM_CONVERSION = YES;
				CLANG_WARN_INFINITE_RECURSION = YES;
				CLANG_WARN_INT_CONVERSION = YES;
				CLANG_WARN_NON_LITERAL_NULL_CONVERSION = YES;
				CLANG_WARN_OBJC_IMPLICIT_RETAIN_SELF = YES;
				CLANG_WARN_OBJC_LITERAL_CONVERSION = YES;
				CLANG_WARN_OBJC_ROOT_CLASS = YES_ERROR;
				CLANG_WARN_RANGE_LOOP_ANALYSIS = YES;
				CLANG_WARN_STRICT_PROTOTYPES = YES;
				CLANG_WARN_SUSPICIOUS_MOVE = YES;
				CLANG_WARN_UNGUARDED_AVAILABILITY = YES_AGGRESSIVE;
				CLANG_WARN_UNREACHABLE_CODE = YES;
				CLANG_WARN__DUPLICATE_METHOD_MATCH = YES;
				COPY_PHASE_STRIP = NO;
				DEBUG_INFORMATION_FORMAT = dwarf;
				ENABLE_STRICT_OBJC_MSGSEND = YES;
				ENABLE_TESTABILITY = YES;
				GCC_C_LANGUAGE_STANDARD = gnu11;
				GCC_DYNAMIC_NO_PIC = NO;
				GCC_NO_COMMON_BLOCKS = YES;
				GCC_OPTIMIZATION_LEVEL = 0;
				GCC_PREPROCESSOR_DEFINITIONS = (
					"DEBUG=1",
					"$(inherited)",
				);
				GCC_WARN_64_TO_32_BIT_CONVERSION = YES;
				GCC_WARN_ABOUT_RETURN_TYPE = YES_ERROR;
				GCC_WARN_UNDECLARED_SELECTOR = YES;
				GCC_WARN_UNINITIALIZED_AUTOS = YES_AGGRESSIVE;
				GCC_WARN_UNUSED_FUNCTION = YES;
				GCC_WARN_UNUSED_VARIABLE = YES;
				MACOSX_DEPLOYMENT_TARGET = 10.12;
				MTL_ENABLE_DEBUG_INFO = INCLUDE_SOURCE;
				MTL_FAST_MATH = YES;
				ONLY_ACTIVE_ARCH = YES;
				SDKROOT = macosx;
			};
			name = Debug;
		};
		6E04237C2439F6AF00E113F4 /* Release */ = {
			isa = XCBuildConfiguration;
			buildSettings = {
				ALWAYS_SEARCH_USER_PATHS = NO;
				CLANG_ANALYZER_NONNULL = YES;
				CLANG_ANALYZER_NUMBER_OBJECT_CONVERSION = YES_AGGRESSIVE;
				CLANG_CXX_LANGUAGE_STANDARD = "gnu++14";
				CLANG_CXX_LIBRARY = "libc++";
				CLANG_ENABLE_MODULES = YES;
				CLANG_ENABLE_OBJC_ARC = YES;
				CLANG_ENABLE_OBJC_WEAK = YES;
				CLANG_WARN_BLOCK_CAPTURE_AUTORELEASING = YES;
				CLANG_WARN_BOOL_CONVERSION = YES;
				CLANG_WARN_COMMA = YES;
				CLANG_WARN_CONSTANT_CONVERSION = YES;
				CLANG_WARN_DEPRECATED_OBJC_IMPLEMENTATIONS = YES;
				CLANG_WARN_DIRECT_OBJC_ISA_USAGE = YES_ERROR;
				CLANG_WARN_DOCUMENTATION_COMMENTS = YES;
				CLANG_WARN_EMPTY_BODY = YES;
				CLANG_WARN_ENUM_CONVERSION = YES;
				CLANG_WARN_INFINITE_RECURSION = YES;
				CLANG_WARN_INT_CONVERSION = YES;
				CLANG_WARN_NON_LITERAL_NULL_CONVERSION = YES;
				CLANG_WARN_OBJC_IMPLICIT_RETAIN_SELF = YES;
				CLANG_WARN_OBJC_LITERAL_CONVERSION = YES;
				CLANG_WARN_OBJC_ROOT_CLASS = YES_ERROR;
				CLANG_WARN_RANGE_LOOP_ANALYSIS = YES;
				CLANG_WARN_STRICT_PROTOTYPES = YES;
				CLANG_WARN_SUSPICIOUS_MOVE = YES;
				CLANG_WARN_UNGUARDED_AVAILABILITY = YES_AGGRESSIVE;
				CLANG_WARN_UNREACHABLE_CODE = YES;
				CLANG_WARN__DUPLICATE_METHOD_MATCH = YES;
				COPY_PHASE_STRIP = NO;
				DEBUG_INFORMATION_FORMAT = "dwarf-with-dsym";
				ENABLE_NS_ASSERTIONS = NO;
				ENABLE_STRICT_OBJC_MSGSEND = YES;
				GCC_C_LANGUAGE_STANDARD = gnu11;
				GCC_NO_COMMON_BLOCKS = YES;
				GCC_WARN_64_TO_32_BIT_CONVERSION = YES;
				GCC_WARN_ABOUT_RETURN_TYPE = YES_ERROR;
				GCC_WARN_UNDECLARED_SELECTOR = YES;
				GCC_WARN_UNINITIALIZED_AUTOS = YES_AGGRESSIVE;
				GCC_WARN_UNUSED_FUNCTION = YES;
				GCC_WARN_UNUSED_VARIABLE = YES;
				MACOSX_DEPLOYMENT_TARGET = 10.12;
				MTL_ENABLE_DEBUG_INFO = NO;
				MTL_FAST_MATH = YES;
				SDKROOT = macosx;
			};
			name = Release;
		};
		6E04237E2439F6AF00E113F4 /* Debug */ = {
			isa = XCBuildConfiguration;
			buildSettings = {
				ASSETCATALOG_COMPILER_APPICON_NAME = AppIcon;
				CODE_SIGN_ENTITLEMENTS = app.entitlements;
				CODE_SIGN_STYLE = Automatic;
				COMBINE_HIDPI_IMAGES = YES;
				FRAMEWORK_SEARCH_PATHS = (
					"$(inherited)",
					"$(PROJECT_DIR)/Carthage/Build/Mac",
				);
				INFOPLIST_FILE = Info.plist;
				LD_RUNPATH_SEARCH_PATHS = (
					"$(inherited)",
					"@executable_path/../Frameworks",
				);
				PRODUCT_BUNDLE_IDENTIFIER = com.dimitarnestorov.MusicBar;
				PRODUCT_NAME = "$(TARGET_NAME)";
				SYSTEM_FRAMEWORK_SEARCH_PATHS = (
					"$(inherited)",
					"$(SYSTEM_LIBRARY_DIR)/PrivateFrameworks",
				);
			};
			name = Debug;
		};
		6E04237F2439F6AF00E113F4 /* Release */ = {
			isa = XCBuildConfiguration;
			buildSettings = {
				ASSETCATALOG_COMPILER_APPICON_NAME = AppIcon;
				CODE_SIGN_ENTITLEMENTS = app.entitlements;
				CODE_SIGN_STYLE = Automatic;
				COMBINE_HIDPI_IMAGES = YES;
				FRAMEWORK_SEARCH_PATHS = (
					"$(inherited)",
					"$(PROJECT_DIR)/Carthage/Build/Mac",
				);
				INFOPLIST_FILE = Info.plist;
				LD_RUNPATH_SEARCH_PATHS = (
					"$(inherited)",
					"@executable_path/../Frameworks",
				);
				PRODUCT_BUNDLE_IDENTIFIER = com.dimitarnestorov.MusicBar;
				PRODUCT_NAME = "$(TARGET_NAME)";
				SYSTEM_FRAMEWORK_SEARCH_PATHS = (
					"$(inherited)",
					"$(SYSTEM_LIBRARY_DIR)/PrivateFrameworks",
				);
			};
			name = Release;
		};
/* End XCBuildConfiguration section */

/* Begin XCConfigurationList section */
		6E0423672439F6AE00E113F4 /* Build configuration list for PBXProject "MusicBar" */ = {
			isa = XCConfigurationList;
			buildConfigurations = (
				6E04237B2439F6AF00E113F4 /* Debug */,
				6E04237C2439F6AF00E113F4 /* Release */,
			);
			defaultConfigurationIsVisible = 0;
			defaultConfigurationName = Release;
		};
		6E04237D2439F6AF00E113F4 /* Build configuration list for PBXNativeTarget "MusicBar" */ = {
			isa = XCConfigurationList;
			buildConfigurations = (
				6E04237E2439F6AF00E113F4 /* Debug */,
				6E04237F2439F6AF00E113F4 /* Release */,
			);
			defaultConfigurationIsVisible = 0;
			defaultConfigurationName = Release;
		};
/* End XCConfigurationList section */
	};
	rootObject = 6E0423642439F6AE00E113F4 /* Project object */;
}
