// !$*UTF8*$!
{
	archiveVersion = 1;
	classes = {
	};
	objectVersion = 50;
	objects = {

/* Begin PBXBuildFile section */
		6E0423712439F6AE00E113F4 /* AppDelegate.m in Sources */ = {isa = PBXBuildFile; fileRef = 6E0423702439F6AE00E113F4 /* AppDelegate.m */; };
		6E0423732439F6AF00E113F4 /* Assets.xcassets in Resources */ = {isa = PBXBuildFile; fileRef = 6E0423722439F6AF00E113F4 /* Assets.xcassets */; };
		6E0423762439F6AF00E113F4 /* Main.xib in Resources */ = {isa = PBXBuildFile; fileRef = 6E0423742439F6AF00E113F4 /* Main.xib */; };
		6E0423792439F6AF00E113F4 /* main.m in Sources */ = {isa = PBXBuildFile; fileRef = 6E0423782439F6AF00E113F4 /* main.m */; };
		6E0423BD243A1A8C00E113F4 /* ControlsView.m in Sources */ = {isa = PBXBuildFile; fileRef = 6E0423BC243A1A8C00E113F4 /* ControlsView.m */; };
		6E0423C3243A37FA00E113F4 /* PopoverViewController.mm in Sources */ = {isa = PBXBuildFile; fileRef = 6E0423C2243A37FA00E113F4 /* PopoverViewController.mm */; };
		6E0423EF243B086B00E113F4 /* Button.m in Sources */ = {isa = PBXBuildFile; fileRef = 6E0423EE243B086B00E113F4 /* Button.m */; };
		6E0423F3243B4A8E00E113F4 /* NSObject+Debounce.m in Sources */ = {isa = PBXBuildFile; fileRef = 6E0423F2243B4A8E00E113F4 /* NSObject+Debounce.m */; };
		6E0423F6243B691700E113F4 /* NSImage+ProportionalScaling.m in Sources */ = {isa = PBXBuildFile; fileRef = 6E0423F5243B691700E113F4 /* NSImage+ProportionalScaling.m */; };
		6E0423FC243D240D00E113F4 /* GlobalState.m in Sources */ = {isa = PBXBuildFile; fileRef = 6E0423FB243D240D00E113F4 /* GlobalState.m */; };
		6E04241D243D44CC00E113F4 /* NSString+FormatTime.mm in Sources */ = {isa = PBXBuildFile; fileRef = 6E04241C243D44CC00E113F4 /* NSString+FormatTime.mm */; };
		6E376A5D244E54B7005528CF /* NSData+MD5.m in Sources */ = {isa = PBXBuildFile; fileRef = 6E376A5C244E54B7005528CF /* NSData+MD5.m */; };
		6E3FB6DA2441458100A343FE /* Configuration/DefaultPreferences.plist in Resources */ = {isa = PBXBuildFile; fileRef = 6E3FB6D92441458100A343FE /* Configuration/DefaultPreferences.plist */; };
		6E3FB6EA24418BD900A343FE /* GeneralPreferencesTabPageViewController.m in Sources */ = {isa = PBXBuildFile; fileRef = 6E3FB6E924418BD900A343FE /* GeneralPreferencesTabPageViewController.m */; };
		6E3FB6ED2441920F00A343FE /* PreferencesCheckbox.m in Sources */ = {isa = PBXBuildFile; fileRef = 6E3FB6EC2441920F00A343FE /* PreferencesCheckbox.m */; };
		6E3FB6F02441A69900A343FE /* PreferencesPopUpButton.m in Sources */ = {isa = PBXBuildFile; fileRef = 6E3FB6EF2441A69900A343FE /* PreferencesPopUpButton.m */; };
		6E3FB73024437B3600A343FE /* DNLoginServiceKit.framework in Frameworks */ = {isa = PBXBuildFile; fileRef = 6E3FB72E24437ADE00A343FE /* DNLoginServiceKit.framework */; };
		6E3FB73124437B3600A343FE /* DNLoginServiceKit.framework in Embed Frameworks */ = {isa = PBXBuildFile; fileRef = 6E3FB72E24437ADE00A343FE /* DNLoginServiceKit.framework */; settings = {ATTRIBUTES = (CodeSignOnCopy, RemoveHeadersOnCopy, ); }; };
		6E3FB73D2444173A00A343FE /* Sentry.framework in Frameworks */ = {isa = PBXBuildFile; fileRef = 6E3FB7392443858900A343FE /* Sentry.framework */; };
		6E3FB73E2444173A00A343FE /* Sentry.framework in Embed Frameworks */ = {isa = PBXBuildFile; fileRef = 6E3FB7392443858900A343FE /* Sentry.framework */; settings = {ATTRIBUTES = (CodeSignOnCopy, RemoveHeadersOnCopy, ); }; };
		6E3FB751244659C400A343FE /* Mantle.framework in Frameworks */ = {isa = PBXBuildFile; fileRef = 6E3FB7472446592D00A343FE /* Mantle.framework */; };
		6E3FB752244659C400A343FE /* Mantle.framework in Embed Frameworks */ = {isa = PBXBuildFile; fileRef = 6E3FB7472446592D00A343FE /* Mantle.framework */; settings = {ATTRIBUTES = (CodeSignOnCopy, RemoveHeadersOnCopy, ); }; };
		6E3FB753244659C500A343FE /* Squirrel.framework in Frameworks */ = {isa = PBXBuildFile; fileRef = 6E3FB7492446593700A343FE /* Squirrel.framework */; };
		6E3FB754244659C500A343FE /* Squirrel.framework in Embed Frameworks */ = {isa = PBXBuildFile; fileRef = 6E3FB7492446593700A343FE /* Squirrel.framework */; settings = {ATTRIBUTES = (CodeSignOnCopy, RemoveHeadersOnCopy, ); }; };
		6E6BF6B724502D4100702DE0 /* PrivateMediaRemote.framework in Frameworks */ = {isa = PBXBuildFile; fileRef = 6E376BA2245027E3005528CF /* PrivateMediaRemote.framework */; };
		6E6BF6B824502D4100702DE0 /* PrivateMediaRemote.framework in Embed Frameworks */ = {isa = PBXBuildFile; fileRef = 6E376BA2245027E3005528CF /* PrivateMediaRemote.framework */; settings = {ATTRIBUTES = (CodeSignOnCopy, RemoveHeadersOnCopy, ); }; };
		6E6BF6BA24502FA900702DE0 /* MediaRemote.framework in Frameworks */ = {isa = PBXBuildFile; fileRef = 6E6BF6B924502FA900702DE0 /* MediaRemote.framework */; };
		6E6BF6BE2450301B00702DE0 /* LicenseView.m in Sources */ = {isa = PBXBuildFile; fileRef = 6E6BF6BD2450301B00702DE0 /* LicenseView.m */; };
		6E6BF6C0245030AE00702DE0 /* PDFKit.framework in Frameworks */ = {isa = PBXBuildFile; fileRef = 6E6BF6BF245030AE00702DE0 /* PDFKit.framework */; };
		6E6BF6FD245157F500702DE0 /* product-hunt-logo-orange-240.png in Resources */ = {isa = PBXBuildFile; fileRef = 6E6BF6FC245157F500702DE0 /* product-hunt-logo-orange-240.png */; };
		6E6BF6FF24515C7800702DE0 /* musicbar.ttf in Resources */ = {isa = PBXBuildFile; fileRef = 6E6BF6FE24515C7800702DE0 /* musicbar.ttf */; };
		6E6BF7022452B0AB00702DE0 /* VersionLabel.m in Sources */ = {isa = PBXBuildFile; fileRef = 6E6BF7012452B0AB00702DE0 /* VersionLabel.m */; };
		6E6BF7052452BE1400702DE0 /* Welcome Popover.storyboard in Resources */ = {isa = PBXBuildFile; fileRef = 6E6BF7042452BE1400702DE0 /* Welcome Popover.storyboard */; };
		6E6BF70B2452F58C00702DE0 /* WelcomeViewController.m in Sources */ = {isa = PBXBuildFile; fileRef = 6E6BF70A2452F58C00702DE0 /* WelcomeViewController.m */; };
		6E6BF70E2452F86100702DE0 /* AutomaticUpdatesViewController.m in Sources */ = {isa = PBXBuildFile; fileRef = 6E6BF70D2452F86100702DE0 /* AutomaticUpdatesViewController.m */; };
		6E6BF7112452FA9E00702DE0 /* ErrorReportingViewController.m in Sources */ = {isa = PBXBuildFile; fileRef = 6E6BF7102452FA9E00702DE0 /* ErrorReportingViewController.m */; };
		6E6BF7142452FB3800702DE0 /* LaunchAtLoginViewController.m in Sources */ = {isa = PBXBuildFile; fileRef = 6E6BF7132452FB3800702DE0 /* LaunchAtLoginViewController.m */; };
		6E8192F6243E94A100879AEE /* ProgressContainerView.m in Sources */ = {isa = PBXBuildFile; fileRef = 6E8192F5243E94A100879AEE /* ProgressContainerView.m */; };
		6E8192FA2440EEAD00879AEE /* Preferences.storyboard in Resources */ = {isa = PBXBuildFile; fileRef = 6E8192F92440EEAD00879AEE /* Preferences.storyboard */; };
		6E8193002441271200879AEE /* PreferencesTabViewController.m in Sources */ = {isa = PBXBuildFile; fileRef = 6E8192FF2441271200879AEE /* PreferencesTabViewController.m */; };
		6E81930324412A5000879AEE /* PreferencesTabPageViewController.m in Sources */ = {isa = PBXBuildFile; fileRef = 6E81930224412A5000879AEE /* PreferencesTabPageViewController.m */; };
		6E8F7F54244964F9000FBC83 /* ScriptingBridge.framework in Frameworks */ = {isa = PBXBuildFile; fileRef = 6E052D4E244935CB007D37A0 /* ScriptingBridge.framework */; };
		6E8F7F5A244973FE000FBC83 /* Constants.mm in Sources */ = {isa = PBXBuildFile; fileRef = 6E8F7F58244973FE000FBC83 /* Constants.mm */; };
		6EB380802453988B00307E8C /* CustomMutableURLRequest.m in Sources */ = {isa = PBXBuildFile; fileRef = 6EB3807F2453988B00307E8C /* CustomMutableURLRequest.m */; };
		6EB3808324539BBF00307E8C /* NSString+GetMusicBarVersion.m in Sources */ = {isa = PBXBuildFile; fileRef = 6EB3808224539BBF00307E8C /* NSString+GetMusicBarVersion.m */; };
		6EB380892453AF6900307E8C /* ReactiveCocoa.framework in Frameworks */ = {isa = PBXBuildFile; fileRef = 6EB380882453AF6900307E8C /* ReactiveCocoa.framework */; };
		6EB3808A2453AF6900307E8C /* ReactiveCocoa.framework in Embed Frameworks */ = {isa = PBXBuildFile; fileRef = 6EB380882453AF6900307E8C /* ReactiveCocoa.framework */; settings = {ATTRIBUTES = (CodeSignOnCopy, RemoveHeadersOnCopy, ); }; };
/* End PBXBuildFile section */

/* Begin PBXCopyFilesBuildPhase section */
		6E3FB73224437B3600A343FE /* Embed Frameworks */ = {
			isa = PBXCopyFilesBuildPhase;
			buildActionMask = 2147483647;
			dstPath = "";
			dstSubfolderSpec = 10;
			files = (
				6E3FB73124437B3600A343FE /* DNLoginServiceKit.framework in Embed Frameworks */,
				6EB3808A2453AF6900307E8C /* ReactiveCocoa.framework in Embed Frameworks */,
				6E3FB752244659C400A343FE /* Mantle.framework in Embed Frameworks */,
				6E3FB754244659C500A343FE /* Squirrel.framework in Embed Frameworks */,
				6E3FB73E2444173A00A343FE /* Sentry.framework in Embed Frameworks */,
				6E6BF6B824502D4100702DE0 /* PrivateMediaRemote.framework in Embed Frameworks */,
			);
			name = "Embed Frameworks";
			runOnlyForDeploymentPostprocessing = 0;
		};
		6E3FB73324437B4800A343FE /* CopyFiles */ = {
			isa = PBXCopyFilesBuildPhase;
			buildActionMask = 2147483647;
			dstPath = "";
			dstSubfolderSpec = 16;
			files = (
			);
			runOnlyForDeploymentPostprocessing = 0;
		};
/* End PBXCopyFilesBuildPhase section */

/* Begin PBXFileReference section */
		6E04236C2439F6AE00E113F4 /* MusicBar.app */ = {isa = PBXFileReference; explicitFileType = wrapper.application; includeInIndex = 0; path = MusicBar.app; sourceTree = BUILT_PRODUCTS_DIR; };
		6E04236F2439F6AE00E113F4 /* AppDelegate.h */ = {isa = PBXFileReference; lastKnownFileType = sourcecode.c.h; path = AppDelegate.h; sourceTree = "<group>"; };
		6E0423702439F6AE00E113F4 /* AppDelegate.m */ = {isa = PBXFileReference; lastKnownFileType = sourcecode.c.objc; path = AppDelegate.m; sourceTree = "<group>"; };
		6E0423722439F6AF00E113F4 /* Assets.xcassets */ = {isa = PBXFileReference; lastKnownFileType = folder.assetcatalog; path = Assets.xcassets; sourceTree = "<group>"; };
		6E0423752439F6AF00E113F4 /* Base */ = {isa = PBXFileReference; lastKnownFileType = file.xib; name = Base; path = Base.lproj/Main.xib; sourceTree = "<group>"; };
		6E0423772439F6AF00E113F4 /* Configuration/Info.plist */ = {isa = PBXFileReference; lastKnownFileType = text.plist.xml; path = Configuration/Info.plist; sourceTree = "<group>"; };
		6E0423782439F6AF00E113F4 /* main.m */ = {isa = PBXFileReference; lastKnownFileType = sourcecode.c.objc; path = main.m; sourceTree = "<group>"; };
		6E0423BB243A1A8C00E113F4 /* ControlsView.h */ = {isa = PBXFileReference; lastKnownFileType = sourcecode.c.h; path = ControlsView.h; sourceTree = "<group>"; };
		6E0423BC243A1A8C00E113F4 /* ControlsView.m */ = {isa = PBXFileReference; lastKnownFileType = sourcecode.c.objc; path = ControlsView.m; sourceTree = "<group>"; };
		6E0423C1243A37FA00E113F4 /* PopoverViewController.h */ = {isa = PBXFileReference; lastKnownFileType = sourcecode.c.h; path = PopoverViewController.h; sourceTree = "<group>"; };
		6E0423C2243A37FA00E113F4 /* PopoverViewController.mm */ = {isa = PBXFileReference; lastKnownFileType = sourcecode.cpp.objcpp; path = PopoverViewController.mm; sourceTree = "<group>"; };
		6E0423ED243B086B00E113F4 /* Button.h */ = {isa = PBXFileReference; lastKnownFileType = sourcecode.c.h; path = Button.h; sourceTree = "<group>"; };
		6E0423EE243B086B00E113F4 /* Button.m */ = {isa = PBXFileReference; lastKnownFileType = sourcecode.c.objc; path = Button.m; sourceTree = "<group>"; };
		6E0423F1243B4A8E00E113F4 /* NSObject+Debounce.h */ = {isa = PBXFileReference; lastKnownFileType = sourcecode.c.h; path = "NSObject+Debounce.h"; sourceTree = "<group>"; };
		6E0423F2243B4A8E00E113F4 /* NSObject+Debounce.m */ = {isa = PBXFileReference; lastKnownFileType = sourcecode.c.objc; path = "NSObject+Debounce.m"; sourceTree = "<group>"; };
		6E0423F4243B691700E113F4 /* NSImage+ProportionalScaling.h */ = {isa = PBXFileReference; lastKnownFileType = sourcecode.c.h; path = "NSImage+ProportionalScaling.h"; sourceTree = "<group>"; };
		6E0423F5243B691700E113F4 /* NSImage+ProportionalScaling.m */ = {isa = PBXFileReference; lastKnownFileType = sourcecode.c.objc; path = "NSImage+ProportionalScaling.m"; sourceTree = "<group>"; };
		6E0423FA243D240D00E113F4 /* GlobalState.h */ = {isa = PBXFileReference; lastKnownFileType = sourcecode.c.h; path = GlobalState.h; sourceTree = "<group>"; };
		6E0423FB243D240D00E113F4 /* GlobalState.m */ = {isa = PBXFileReference; lastKnownFileType = sourcecode.c.objc; path = GlobalState.m; sourceTree = "<group>"; };
		6E04241B243D44CC00E113F4 /* NSString+FormatTime.h */ = {isa = PBXFileReference; lastKnownFileType = sourcecode.c.h; path = "NSString+FormatTime.h"; sourceTree = "<group>"; };
		6E04241C243D44CC00E113F4 /* NSString+FormatTime.mm */ = {isa = PBXFileReference; lastKnownFileType = sourcecode.cpp.objcpp; path = "NSString+FormatTime.mm"; sourceTree = "<group>"; };
		6E052D4D24493155007D37A0 /* Spotify.h */ = {isa = PBXFileReference; lastKnownFileType = sourcecode.c.h; path = Spotify.h; sourceTree = "<group>"; };
		6E052D4E244935CB007D37A0 /* ScriptingBridge.framework */ = {isa = PBXFileReference; lastKnownFileType = wrapper.framework; name = ScriptingBridge.framework; path = System/Library/Frameworks/ScriptingBridge.framework; sourceTree = SDKROOT; };
		6E376A5B244E54B7005528CF /* NSData+MD5.h */ = {isa = PBXFileReference; lastKnownFileType = sourcecode.c.h; path = "NSData+MD5.h"; sourceTree = "<group>"; };
		6E376A5C244E54B7005528CF /* NSData+MD5.m */ = {isa = PBXFileReference; lastKnownFileType = sourcecode.c.objc; path = "NSData+MD5.m"; sourceTree = "<group>"; };
		6E376BA2245027E3005528CF /* PrivateMediaRemote.framework */ = {isa = PBXFileReference; lastKnownFileType = wrapper.framework; name = PrivateMediaRemote.framework; path = Carthage/Build/Mac/PrivateMediaRemote.framework; sourceTree = "<group>"; };
		6E3FB6D92441458100A343FE /* Configuration/DefaultPreferences.plist */ = {isa = PBXFileReference; lastKnownFileType = text.plist.xml; path = Configuration/DefaultPreferences.plist; sourceTree = "<group>"; };
		6E3FB6E824418BD900A343FE /* GeneralPreferencesTabPageViewController.h */ = {isa = PBXFileReference; lastKnownFileType = sourcecode.c.h; path = GeneralPreferencesTabPageViewController.h; sourceTree = "<group>"; };
		6E3FB6E924418BD900A343FE /* GeneralPreferencesTabPageViewController.m */ = {isa = PBXFileReference; lastKnownFileType = sourcecode.c.objc; path = GeneralPreferencesTabPageViewController.m; sourceTree = "<group>"; };
		6E3FB6EB2441920F00A343FE /* PreferencesCheckbox.h */ = {isa = PBXFileReference; lastKnownFileType = sourcecode.c.h; path = PreferencesCheckbox.h; sourceTree = "<group>"; };
		6E3FB6EC2441920F00A343FE /* PreferencesCheckbox.m */ = {isa = PBXFileReference; lastKnownFileType = sourcecode.c.objc; path = PreferencesCheckbox.m; sourceTree = "<group>"; };
		6E3FB6EE2441A69900A343FE /* PreferencesPopUpButton.h */ = {isa = PBXFileReference; lastKnownFileType = sourcecode.c.h; path = PreferencesPopUpButton.h; sourceTree = "<group>"; };
		6E3FB6EF2441A69900A343FE /* PreferencesPopUpButton.m */ = {isa = PBXFileReference; lastKnownFileType = sourcecode.c.objc; path = PreferencesPopUpButton.m; sourceTree = "<group>"; };
		6E3FB72C2443799D00A343FE /* Cartfile */ = {isa = PBXFileReference; fileEncoding = 4; lastKnownFileType = text; path = Cartfile; sourceTree = "<group>"; };
		6E3FB72E24437ADE00A343FE /* DNLoginServiceKit.framework */ = {isa = PBXFileReference; lastKnownFileType = wrapper.framework; name = DNLoginServiceKit.framework; path = Carthage/Build/Mac/DNLoginServiceKit.framework; sourceTree = "<group>"; };
		6E3FB73624437D4900A343FE /* DNLoginServiceKit.framework.dSYM */ = {isa = PBXFileReference; lastKnownFileType = wrapper.dsym; name = DNLoginServiceKit.framework.dSYM; path = Carthage/Build/Mac/DNLoginServiceKit.framework.dSYM; sourceTree = "<group>"; };
		6E3FB7392443858900A343FE /* Sentry.framework */ = {isa = PBXFileReference; lastKnownFileType = wrapper.framework; name = Sentry.framework; path = Carthage/Build/Mac/Sentry.framework; sourceTree = "<group>"; };
		6E3FB73B2443859500A343FE /* Sentry.framework.dSYM */ = {isa = PBXFileReference; lastKnownFileType = wrapper.dsym; name = Sentry.framework.dSYM; path = Carthage/Build/Mac/Sentry.framework.dSYM; sourceTree = "<group>"; };
		6E3FB743244438B900A343FE /* Configuration/Config.xcconfig */ = {isa = PBXFileReference; lastKnownFileType = text.xcconfig; path = Configuration/Config.xcconfig; sourceTree = "<group>"; };
		6E3FB744244438FC00A343FE /* Configuration/ConfigExample.xcconfig */ = {isa = PBXFileReference; lastKnownFileType = text.xcconfig; path = Configuration/ConfigExample.xcconfig; sourceTree = "<group>"; };
		6E3FB7472446592D00A343FE /* Mantle.framework */ = {isa = PBXFileReference; lastKnownFileType = wrapper.framework; name = Mantle.framework; path = Carthage/Build/Mac/Mantle.framework; sourceTree = "<group>"; };
		6E3FB7492446593700A343FE /* Squirrel.framework */ = {isa = PBXFileReference; lastKnownFileType = wrapper.framework; name = Squirrel.framework; path = Carthage/Build/Mac/Squirrel.framework; sourceTree = "<group>"; };
		6E3FB74B2446596300A343FE /* Squirrel.framework.dSYM */ = {isa = PBXFileReference; lastKnownFileType = wrapper.dsym; name = Squirrel.framework.dSYM; path = Carthage/Build/Mac/Squirrel.framework.dSYM; sourceTree = "<group>"; };
		6E3FB74D2446597100A343FE /* Mantle.framework.dSYM */ = {isa = PBXFileReference; lastKnownFileType = wrapper.dsym; name = Mantle.framework.dSYM; path = Carthage/Build/Mac/Mantle.framework.dSYM; sourceTree = "<group>"; };
		6E6BF6B924502FA900702DE0 /* MediaRemote.framework */ = {isa = PBXFileReference; lastKnownFileType = wrapper.framework; name = MediaRemote.framework; path = "MusicBar.xcodeproj/Private Frameworks/MediaRemote.framework"; sourceTree = "<group>"; };
		6E6BF6BC2450301B00702DE0 /* LicenseView.h */ = {isa = PBXFileReference; lastKnownFileType = sourcecode.c.h; path = LicenseView.h; sourceTree = "<group>"; };
		6E6BF6BD2450301B00702DE0 /* LicenseView.m */ = {isa = PBXFileReference; lastKnownFileType = sourcecode.c.objc; path = LicenseView.m; sourceTree = "<group>"; };
		6E6BF6BF245030AE00702DE0 /* PDFKit.framework */ = {isa = PBXFileReference; lastKnownFileType = wrapper.framework; name = PDFKit.framework; path = System/Library/Frameworks/PDFKit.framework; sourceTree = SDKROOT; };
		6E6BF6FC245157F500702DE0 /* product-hunt-logo-orange-240.png */ = {isa = PBXFileReference; lastKnownFileType = image.png; name = "product-hunt-logo-orange-240.png"; path = "Assets.xcassets/product-hunt-logo-orange-240.png"; sourceTree = "<group>"; };
		6E6BF6FE24515C7800702DE0 /* musicbar.ttf */ = {isa = PBXFileReference; lastKnownFileType = file; name = musicbar.ttf; path = Assets.xcassets/musicbar.ttf; sourceTree = "<group>"; };
		6E6BF7002452B0AB00702DE0 /* VersionLabel.h */ = {isa = PBXFileReference; lastKnownFileType = sourcecode.c.h; path = VersionLabel.h; sourceTree = "<group>"; };
		6E6BF7012452B0AB00702DE0 /* VersionLabel.m */ = {isa = PBXFileReference; lastKnownFileType = sourcecode.c.objc; path = VersionLabel.m; sourceTree = "<group>"; };
		6E6BF7042452BE1400702DE0 /* Welcome Popover.storyboard */ = {isa = PBXFileReference; lastKnownFileType = file.storyboard; path = "Welcome Popover.storyboard"; sourceTree = "<group>"; };
		6E6BF7092452F58C00702DE0 /* WelcomeViewController.h */ = {isa = PBXFileReference; lastKnownFileType = sourcecode.c.h; path = WelcomeViewController.h; sourceTree = "<group>"; };
		6E6BF70A2452F58C00702DE0 /* WelcomeViewController.m */ = {isa = PBXFileReference; lastKnownFileType = sourcecode.c.objc; path = WelcomeViewController.m; sourceTree = "<group>"; };
		6E6BF70C2452F86100702DE0 /* AutomaticUpdatesViewController.h */ = {isa = PBXFileReference; lastKnownFileType = sourcecode.c.h; path = AutomaticUpdatesViewController.h; sourceTree = "<group>"; };
		6E6BF70D2452F86100702DE0 /* AutomaticUpdatesViewController.m */ = {isa = PBXFileReference; lastKnownFileType = sourcecode.c.objc; path = AutomaticUpdatesViewController.m; sourceTree = "<group>"; };
		6E6BF70F2452FA9E00702DE0 /* ErrorReportingViewController.h */ = {isa = PBXFileReference; lastKnownFileType = sourcecode.c.h; path = ErrorReportingViewController.h; sourceTree = "<group>"; };
		6E6BF7102452FA9E00702DE0 /* ErrorReportingViewController.m */ = {isa = PBXFileReference; lastKnownFileType = sourcecode.c.objc; path = ErrorReportingViewController.m; sourceTree = "<group>"; };
		6E6BF7122452FB3800702DE0 /* LaunchAtLoginViewController.h */ = {isa = PBXFileReference; lastKnownFileType = sourcecode.c.h; path = LaunchAtLoginViewController.h; sourceTree = "<group>"; };
		6E6BF7132452FB3800702DE0 /* LaunchAtLoginViewController.m */ = {isa = PBXFileReference; lastKnownFileType = sourcecode.c.objc; path = LaunchAtLoginViewController.m; sourceTree = "<group>"; };
		6E8192F4243E94A100879AEE /* ProgressContainerView.h */ = {isa = PBXFileReference; lastKnownFileType = sourcecode.c.h; path = ProgressContainerView.h; sourceTree = "<group>"; };
		6E8192F5243E94A100879AEE /* ProgressContainerView.m */ = {isa = PBXFileReference; lastKnownFileType = sourcecode.c.objc; path = ProgressContainerView.m; sourceTree = "<group>"; };
		6E8192F92440EEAD00879AEE /* Preferences.storyboard */ = {isa = PBXFileReference; lastKnownFileType = file.storyboard; path = Preferences.storyboard; sourceTree = "<group>"; };
		6E8192FE2441271200879AEE /* PreferencesTabViewController.h */ = {isa = PBXFileReference; lastKnownFileType = sourcecode.c.h; path = PreferencesTabViewController.h; sourceTree = "<group>"; };
		6E8192FF2441271200879AEE /* PreferencesTabViewController.m */ = {isa = PBXFileReference; lastKnownFileType = sourcecode.c.objc; path = PreferencesTabViewController.m; sourceTree = "<group>"; };
		6E81930124412A5000879AEE /* PreferencesTabPageViewController.h */ = {isa = PBXFileReference; lastKnownFileType = sourcecode.c.h; path = PreferencesTabPageViewController.h; sourceTree = "<group>"; };
		6E81930224412A5000879AEE /* PreferencesTabPageViewController.m */ = {isa = PBXFileReference; lastKnownFileType = sourcecode.c.objc; path = PreferencesTabPageViewController.m; sourceTree = "<group>"; };
		6E887B182448F14E0011849F /* Gemfile */ = {isa = PBXFileReference; fileEncoding = 4; lastKnownFileType = text; path = Gemfile; sourceTree = "<group>"; };
		6E887B192448F14E0011849F /* Gemfile.lock */ = {isa = PBXFileReference; fileEncoding = 4; lastKnownFileType = text; path = Gemfile.lock; sourceTree = "<group>"; };
		6E887B202448F14E0011849F /* Cartfile.resolved */ = {isa = PBXFileReference; fileEncoding = 4; lastKnownFileType = text; path = Cartfile.resolved; sourceTree = "<group>"; };
		6E8F7F53244963D4000FBC83 /* Configuration/MusicBar.entitlements */ = {isa = PBXFileReference; lastKnownFileType = text.plist.entitlements; path = Configuration/MusicBar.entitlements; sourceTree = "<group>"; };
		6E8F7F58244973FE000FBC83 /* Constants.mm */ = {isa = PBXFileReference; lastKnownFileType = sourcecode.cpp.objcpp; path = Constants.mm; sourceTree = "<group>"; };
		6E8F7F59244973FE000FBC83 /* Constants.h */ = {isa = PBXFileReference; lastKnownFileType = sourcecode.c.h; path = Constants.h; sourceTree = "<group>"; };
		6EB3807E2453988B00307E8C /* CustomMutableURLRequest.h */ = {isa = PBXFileReference; lastKnownFileType = sourcecode.c.h; path = CustomMutableURLRequest.h; sourceTree = "<group>"; };
		6EB3807F2453988B00307E8C /* CustomMutableURLRequest.m */ = {isa = PBXFileReference; lastKnownFileType = sourcecode.c.objc; path = CustomMutableURLRequest.m; sourceTree = "<group>"; };
		6EB3808124539BBF00307E8C /* NSString+GetMusicBarVersion.h */ = {isa = PBXFileReference; lastKnownFileType = sourcecode.c.h; path = "NSString+GetMusicBarVersion.h"; sourceTree = "<group>"; };
		6EB3808224539BBF00307E8C /* NSString+GetMusicBarVersion.m */ = {isa = PBXFileReference; lastKnownFileType = sourcecode.c.objc; path = "NSString+GetMusicBarVersion.m"; sourceTree = "<group>"; };
		6EB380882453AF6900307E8C /* ReactiveCocoa.framework */ = {isa = PBXFileReference; lastKnownFileType = wrapper.framework; name = ReactiveCocoa.framework; path = Carthage/Build/Mac/ReactiveCocoa.framework; sourceTree = "<group>"; };
		6EB3808B2453AF9D00307E8C /* PrivateMediaRemote.framework.dSYM */ = {isa = PBXFileReference; lastKnownFileType = wrapper.dsym; name = PrivateMediaRemote.framework.dSYM; path = Carthage/Build/Mac/PrivateMediaRemote.framework.dSYM; sourceTree = "<group>"; };
		6EB3808C2453AFB900307E8C /* PrivateProtocolBuffer.framework.dSYM */ = {isa = PBXFileReference; lastKnownFileType = wrapper.dsym; name = PrivateProtocolBuffer.framework.dSYM; path = Carthage/Build/Mac/PrivateProtocolBuffer.framework.dSYM; sourceTree = "<group>"; };
/* End PBXFileReference section */

/* Begin PBXFrameworksBuildPhase section */
		6E0423692439F6AE00E113F4 /* Frameworks */ = {
			isa = PBXFrameworksBuildPhase;
			buildActionMask = 2147483647;
			files = (
				6E3FB73D2444173A00A343FE /* Sentry.framework in Frameworks */,
				6E3FB753244659C500A343FE /* Squirrel.framework in Frameworks */,
				6E8F7F54244964F9000FBC83 /* ScriptingBridge.framework in Frameworks */,
				6E6BF6C0245030AE00702DE0 /* PDFKit.framework in Frameworks */,
				6E3FB73024437B3600A343FE /* DNLoginServiceKit.framework in Frameworks */,
				6E6BF6BA24502FA900702DE0 /* MediaRemote.framework in Frameworks */,
				6E3FB751244659C400A343FE /* Mantle.framework in Frameworks */,
				6EB380892453AF6900307E8C /* ReactiveCocoa.framework in Frameworks */,
				6E6BF6B724502D4100702DE0 /* PrivateMediaRemote.framework in Frameworks */,
			);
			runOnlyForDeploymentPostprocessing = 0;
		};
/* End PBXFrameworksBuildPhase section */

/* Begin PBXGroup section */
		6E0423632439F6AE00E113F4 = {
			isa = PBXGroup;
			children = (
				6E887B152448F10A0011849F /* Configuration */,
				6E0423E8243A437700E113F4 /* Frameworks */,
				6E3FB73824437D8800A343FE /* Symbols */,
				6E04236D2439F6AE00E113F4 /* Products */,
				6E04241A243D449400E113F4 /* Categories */,
				6E6BF6C124504E9400702DE0 /* Views */,
				6E8192FD244126E100879AEE /* Preferences */,
				6E6BF7032452BDF400702DE0 /* Welcome Popover */,
				6E0423722439F6AF00E113F4 /* Assets.xcassets */,
				6E0423782439F6AF00E113F4 /* main.m */,
				6E0423742439F6AF00E113F4 /* Main.xib */,
				6E8F7F59244973FE000FBC83 /* Constants.h */,
				6E8F7F58244973FE000FBC83 /* Constants.mm */,
				6E052D4D24493155007D37A0 /* Spotify.h */,
				6E0423FA243D240D00E113F4 /* GlobalState.h */,
				6E0423FB243D240D00E113F4 /* GlobalState.m */,
				6E04236F2439F6AE00E113F4 /* AppDelegate.h */,
				6E0423702439F6AE00E113F4 /* AppDelegate.m */,
				6EB3807E2453988B00307E8C /* CustomMutableURLRequest.h */,
				6EB3807F2453988B00307E8C /* CustomMutableURLRequest.m */,
				6E0423C1243A37FA00E113F4 /* PopoverViewController.h */,
				6E0423C2243A37FA00E113F4 /* PopoverViewController.mm */,
				6E6BF6FC245157F500702DE0 /* product-hunt-logo-orange-240.png */,
				6E6BF6FE24515C7800702DE0 /* musicbar.ttf */,
			);
			sourceTree = "<group>";
		};
		6E04236D2439F6AE00E113F4 /* Products */ = {
			isa = PBXGroup;
			children = (
				6E04236C2439F6AE00E113F4 /* MusicBar.app */,
			);
			name = Products;
			sourceTree = "<group>";
		};
		6E0423E8243A437700E113F4 /* Frameworks */ = {
			isa = PBXGroup;
			children = (
				6E6BF6BF245030AE00702DE0 /* PDFKit.framework */,
				6E6BF6B924502FA900702DE0 /* MediaRemote.framework */,
				6E376BA2245027E3005528CF /* PrivateMediaRemote.framework */,
				6E052D4E244935CB007D37A0 /* ScriptingBridge.framework */,
				6EB380882453AF6900307E8C /* ReactiveCocoa.framework */,
				6E3FB7492446593700A343FE /* Squirrel.framework */,
				6E3FB7472446592D00A343FE /* Mantle.framework */,
				6E3FB7392443858900A343FE /* Sentry.framework */,
				6E3FB72E24437ADE00A343FE /* DNLoginServiceKit.framework */,
			);
			name = Frameworks;
			sourceTree = "<group>";
		};
		6E04241A243D449400E113F4 /* Categories */ = {
			isa = PBXGroup;
			children = (
				6E0423F1243B4A8E00E113F4 /* NSObject+Debounce.h */,
				6E0423F2243B4A8E00E113F4 /* NSObject+Debounce.m */,
				6E0423F4243B691700E113F4 /* NSImage+ProportionalScaling.h */,
				6E0423F5243B691700E113F4 /* NSImage+ProportionalScaling.m */,
				6E04241B243D44CC00E113F4 /* NSString+FormatTime.h */,
				6E04241C243D44CC00E113F4 /* NSString+FormatTime.mm */,
				6E376A5B244E54B7005528CF /* NSData+MD5.h */,
				6E376A5C244E54B7005528CF /* NSData+MD5.m */,
				6EB3808124539BBF00307E8C /* NSString+GetMusicBarVersion.h */,
				6EB3808224539BBF00307E8C /* NSString+GetMusicBarVersion.m */,
			);
			path = Categories;
			sourceTree = "<group>";
		};
		6E3FB73824437D8800A343FE /* Symbols */ = {
			isa = PBXGroup;
			children = (
				6E3FB74D2446597100A343FE /* Mantle.framework.dSYM */,
				6E3FB74B2446596300A343FE /* Squirrel.framework.dSYM */,
				6E3FB73B2443859500A343FE /* Sentry.framework.dSYM */,
				6E3FB73624437D4900A343FE /* DNLoginServiceKit.framework.dSYM */,
				6EB3808C2453AFB900307E8C /* PrivateProtocolBuffer.framework.dSYM */,
				6EB3808B2453AF9D00307E8C /* PrivateMediaRemote.framework.dSYM */,
			);
			name = Symbols;
			sourceTree = "<group>";
		};
		6E6BF6C124504E9400702DE0 /* Views */ = {
			isa = PBXGroup;
			children = (
				6E0423BB243A1A8C00E113F4 /* ControlsView.h */,
				6E0423BC243A1A8C00E113F4 /* ControlsView.m */,
				6E0423ED243B086B00E113F4 /* Button.h */,
				6E0423EE243B086B00E113F4 /* Button.m */,
				6E8192F4243E94A100879AEE /* ProgressContainerView.h */,
				6E8192F5243E94A100879AEE /* ProgressContainerView.m */,
			);
			path = Views;
			sourceTree = "<group>";
		};
		6E6BF7032452BDF400702DE0 /* Welcome Popover */ = {
			isa = PBXGroup;
			children = (
				6E6BF7042452BE1400702DE0 /* Welcome Popover.storyboard */,
				6E6BF7092452F58C00702DE0 /* WelcomeViewController.h */,
				6E6BF70A2452F58C00702DE0 /* WelcomeViewController.m */,
				6E6BF70C2452F86100702DE0 /* AutomaticUpdatesViewController.h */,
				6E6BF70D2452F86100702DE0 /* AutomaticUpdatesViewController.m */,
				6E6BF70F2452FA9E00702DE0 /* ErrorReportingViewController.h */,
				6E6BF7102452FA9E00702DE0 /* ErrorReportingViewController.m */,
				6E6BF7122452FB3800702DE0 /* LaunchAtLoginViewController.h */,
				6E6BF7132452FB3800702DE0 /* LaunchAtLoginViewController.m */,
			);
			path = "Welcome Popover";
			sourceTree = "<group>";
		};
		6E8192FD244126E100879AEE /* Preferences */ = {
			isa = PBXGroup;
			children = (
				6E8192F92440EEAD00879AEE /* Preferences.storyboard */,
				6E8192FE2441271200879AEE /* PreferencesTabViewController.h */,
				6E8192FF2441271200879AEE /* PreferencesTabViewController.m */,
				6E81930124412A5000879AEE /* PreferencesTabPageViewController.h */,
				6E81930224412A5000879AEE /* PreferencesTabPageViewController.m */,
				6E3FB6E824418BD900A343FE /* GeneralPreferencesTabPageViewController.h */,
				6E3FB6E924418BD900A343FE /* GeneralPreferencesTabPageViewController.m */,
				6E3FB6EB2441920F00A343FE /* PreferencesCheckbox.h */,
				6E3FB6EC2441920F00A343FE /* PreferencesCheckbox.m */,
				6E3FB6EE2441A69900A343FE /* PreferencesPopUpButton.h */,
				6E3FB6EF2441A69900A343FE /* PreferencesPopUpButton.m */,
				6E6BF6BC2450301B00702DE0 /* LicenseView.h */,
				6E6BF6BD2450301B00702DE0 /* LicenseView.m */,
				6E6BF7002452B0AB00702DE0 /* VersionLabel.h */,
				6E6BF7012452B0AB00702DE0 /* VersionLabel.m */,
			);
			path = Preferences;
			sourceTree = "<group>";
		};
		6E887B152448F10A0011849F /* Configuration */ = {
			isa = PBXGroup;
			children = (
				6E3FB72C2443799D00A343FE /* Cartfile */,
				6E887B202448F14E0011849F /* Cartfile.resolved */,
				6E887B182448F14E0011849F /* Gemfile */,
				6E887B192448F14E0011849F /* Gemfile.lock */,
				6E8F7F53244963D4000FBC83 /* Configuration/MusicBar.entitlements */,
				6E3FB743244438B900A343FE /* Configuration/Config.xcconfig */,
				6E3FB744244438FC00A343FE /* Configuration/ConfigExample.xcconfig */,
				6E0423772439F6AF00E113F4 /* Configuration/Info.plist */,
				6E3FB6D92441458100A343FE /* Configuration/DefaultPreferences.plist */,
			);
			name = Configuration;
			sourceTree = "<group>";
		};
/* End PBXGroup section */

/* Begin PBXNativeTarget section */
		6E04236B2439F6AE00E113F4 /* MusicBar */ = {
			isa = PBXNativeTarget;
			buildConfigurationList = 6E04237D2439F6AF00E113F4 /* Build configuration list for PBXNativeTarget "MusicBar" */;
			buildPhases = (
				6E0423682439F6AE00E113F4 /* Sources */,
				6E0423692439F6AE00E113F4 /* Frameworks */,
				6E04236A2439F6AE00E113F4 /* Resources */,
				6E3FB73224437B3600A343FE /* Embed Frameworks */,
				6E3FB73324437B4800A343FE /* CopyFiles */,
				6E3FB7572447DBC200A343FE /* Codesign ShipIt (Squirrel) */,
			);
			buildRules = (
			);
			dependencies = (
			);
			name = MusicBar;
			productName = MusicMenu;
			productReference = 6E04236C2439F6AE00E113F4 /* MusicBar.app */;
			productType = "com.apple.product-type.application";
		};
/* End PBXNativeTarget section */

/* Begin PBXProject section */
		6E0423642439F6AE00E113F4 /* Project object */ = {
			isa = PBXProject;
			attributes = {
				LastUpgradeCheck = 1140;
				ORGANIZATIONNAME = "Dimitar Nestorov";
				TargetAttributes = {
					6E04236B2439F6AE00E113F4 = {
						CreatedOnToolsVersion = 11.4;
					};
				};
			};
			buildConfigurationList = 6E0423672439F6AE00E113F4 /* Build configuration list for PBXProject "MusicBar" */;
			compatibilityVersion = "Xcode 9.3";
			developmentRegion = en;
			hasScannedForEncodings = 0;
			knownRegions = (
				en,
				Base,
			);
			mainGroup = 6E0423632439F6AE00E113F4;
			productRefGroup = 6E04236D2439F6AE00E113F4 /* Products */;
			projectDirPath = "";
			projectRoot = "";
			targets = (
				6E04236B2439F6AE00E113F4 /* MusicBar */,
			);
		};
/* End PBXProject section */

/* Begin PBXResourcesBuildPhase section */
		6E04236A2439F6AE00E113F4 /* Resources */ = {
			isa = PBXResourcesBuildPhase;
			buildActionMask = 2147483647;
			files = (
				6E8192FA2440EEAD00879AEE /* Preferences.storyboard in Resources */,
				6E3FB6DA2441458100A343FE /* Configuration/DefaultPreferences.plist in Resources */,
				6E6BF6FD245157F500702DE0 /* product-hunt-logo-orange-240.png in Resources */,
				6E0423732439F6AF00E113F4 /* Assets.xcassets in Resources */,
				6E6BF6FF24515C7800702DE0 /* musicbar.ttf in Resources */,
				6E6BF7052452BE1400702DE0 /* Welcome Popover.storyboard in Resources */,
				6E0423762439F6AF00E113F4 /* Main.xib in Resources */,
			);
			runOnlyForDeploymentPostprocessing = 0;
		};
/* End PBXResourcesBuildPhase section */

/* Begin PBXShellScriptBuildPhase section */
		6E3FB7572447DBC200A343FE /* Codesign ShipIt (Squirrel) */ = {
			isa = PBXShellScriptBuildPhase;
			buildActionMask = 2147483647;
			files = (
			);
			inputFileListPaths = (
			);
			inputPaths = (
			);
			name = "Codesign ShipIt (Squirrel)";
			outputFileListPaths = (
			);
			outputPaths = (
			);
			runOnlyForDeploymentPostprocessing = 0;
			shellPath = /bin/sh;
			shellScript = "LOCATION=\"${BUILT_PRODUCTS_DIR}\"/\"${FRAMEWORKS_FOLDER_PATH}\"\n\n# By default, use the configured code signing identity for the project/target\nIDENTITY=\"${CODE_SIGN_IDENTITY}\"\nif [ \"$IDENTITY\" == \"\" ]\nthen\n# If a code signing identity is not specified, use ad hoc signing\nIDENTITY=\"-\"\nfi\n\ncodesign --verbose --deep --force -o runtime --sign \"$IDENTITY\" \"$LOCATION/Squirrel.framework/Resources/Shipit\"\n\ncodesign --verbose --deep --force --verify --sign \"$IDENTITY\" \"$LOCATION/Squirrel.framework/Squirrel\"\ncodesign --verbose --deep --force --verify --sign \"$IDENTITY\" \"$LOCATION/Squirrel.framework/Versions/A\"\n";
		};
/* End PBXShellScriptBuildPhase section */

/* Begin PBXSourcesBuildPhase section */
		6E0423682439F6AE00E113F4 /* Sources */ = {
			isa = PBXSourcesBuildPhase;
			buildActionMask = 2147483647;
			files = (
				6E8F7F5A244973FE000FBC83 /* Constants.mm in Sources */,
				6E0423F3243B4A8E00E113F4 /* NSObject+Debounce.m in Sources */,
				6E3FB6F02441A69900A343FE /* PreferencesPopUpButton.m in Sources */,
				6E81930324412A5000879AEE /* PreferencesTabPageViewController.m in Sources */,
				6E04241D243D44CC00E113F4 /* NSString+FormatTime.mm in Sources */,
				6EB380802453988B00307E8C /* CustomMutableURLRequest.m in Sources */,
				6E6BF70B2452F58C00702DE0 /* WelcomeViewController.m in Sources */,
				6E6BF6BE2450301B00702DE0 /* LicenseView.m in Sources */,
				6E6BF70E2452F86100702DE0 /* AutomaticUpdatesViewController.m in Sources */,
				6E0423F6243B691700E113F4 /* NSImage+ProportionalScaling.m in Sources */,
				6E3FB6EA24418BD900A343FE /* GeneralPreferencesTabPageViewController.m in Sources */,
				6E6BF7022452B0AB00702DE0 /* VersionLabel.m in Sources */,
				6E0423EF243B086B00E113F4 /* Button.m in Sources */,
				6E6BF7112452FA9E00702DE0 /* ErrorReportingViewController.m in Sources */,
				6E0423BD243A1A8C00E113F4 /* ControlsView.m in Sources */,
				6E3FB6ED2441920F00A343FE /* PreferencesCheckbox.m in Sources */,
				6E0423792439F6AF00E113F4 /* main.m in Sources */,
				6E8193002441271200879AEE /* PreferencesTabViewController.m in Sources */,
				6E6BF7142452FB3800702DE0 /* LaunchAtLoginViewController.m in Sources */,
				6E0423C3243A37FA00E113F4 /* PopoverViewController.mm in Sources */,
				6E376A5D244E54B7005528CF /* NSData+MD5.m in Sources */,
				6E8192F6243E94A100879AEE /* ProgressContainerView.m in Sources */,
				6EB3808324539BBF00307E8C /* NSString+GetMusicBarVersion.m in Sources */,
				6E0423712439F6AE00E113F4 /* AppDelegate.m in Sources */,
				6E0423FC243D240D00E113F4 /* GlobalState.m in Sources */,
			);
			runOnlyForDeploymentPostprocessing = 0;
		};
/* End PBXSourcesBuildPhase section */

/* Begin PBXVariantGroup section */
		6E0423742439F6AF00E113F4 /* Main.xib */ = {
			isa = PBXVariantGroup;
			children = (
				6E0423752439F6AF00E113F4 /* Base */,
			);
			name = Main.xib;
			sourceTree = "<group>";
		};
/* End PBXVariantGroup section */

/* Begin XCBuildConfiguration section */
		6E04237B2439F6AF00E113F4 /* Debug */ = {
			isa = XCBuildConfiguration;
			buildSettings = {
				ALWAYS_SEARCH_USER_PATHS = NO;
				CLANG_ANALYZER_NONNULL = YES;
				CLANG_ANALYZER_NUMBER_OBJECT_CONVERSION = YES_AGGRESSIVE;
				CLANG_CXX_LANGUAGE_STANDARD = "gnu++14";
				CLANG_CXX_LIBRARY = "libc++";
				CLANG_ENABLE_MODULES = YES;
				CLANG_ENABLE_OBJC_ARC = YES;
				CLANG_ENABLE_OBJC_WEAK = YES;
				CLANG_WARN_BLOCK_CAPTURE_AUTORELEASING = YES;
				CLANG_WARN_BOOL_CONVERSION = YES;
				CLANG_WARN_COMMA = YES;
				CLANG_WARN_CONSTANT_CONVERSION = YES;
				CLANG_WARN_DEPRECATED_OBJC_IMPLEMENTATIONS = YES;
				CLANG_WARN_DIRECT_OBJC_ISA_USAGE = YES_ERROR;
				CLANG_WARN_DOCUMENTATION_COMMENTS = YES;
				CLANG_WARN_EMPTY_BODY = YES;
				CLANG_WARN_ENUM_CONVERSION = YES;
				CLANG_WARN_INFINITE_RECURSION = YES;
				CLANG_WARN_INT_CONVERSION = YES;
				CLANG_WARN_NON_LITERAL_NULL_CONVERSION = YES;
				CLANG_WARN_OBJC_IMPLICIT_RETAIN_SELF = YES;
				CLANG_WARN_OBJC_LITERAL_CONVERSION = YES;
				CLANG_WARN_OBJC_ROOT_CLASS = YES_ERROR;
				CLANG_WARN_RANGE_LOOP_ANALYSIS = YES;
				CLANG_WARN_STRICT_PROTOTYPES = YES;
				CLANG_WARN_SUSPICIOUS_MOVE = YES;
				CLANG_WARN_UNGUARDED_AVAILABILITY = YES_AGGRESSIVE;
				CLANG_WARN_UNREACHABLE_CODE = YES;
				CLANG_WARN__DUPLICATE_METHOD_MATCH = YES;
				COPY_PHASE_STRIP = NO;
				DEBUG_INFORMATION_FORMAT = dwarf;
				ENABLE_STRICT_OBJC_MSGSEND = YES;
				ENABLE_TESTABILITY = YES;
				GCC_C_LANGUAGE_STANDARD = gnu11;
				GCC_DYNAMIC_NO_PIC = NO;
				GCC_NO_COMMON_BLOCKS = YES;
				GCC_OPTIMIZATION_LEVEL = 0;
				GCC_PREPROCESSOR_DEFINITIONS = (
					"DEBUG=1",
					"$(inherited)",
				);
				GCC_WARN_64_TO_32_BIT_CONVERSION = YES;
				GCC_WARN_ABOUT_RETURN_TYPE = YES_ERROR;
				GCC_WARN_UNDECLARED_SELECTOR = YES;
				GCC_WARN_UNINITIALIZED_AUTOS = YES_AGGRESSIVE;
				GCC_WARN_UNUSED_FUNCTION = YES;
				GCC_WARN_UNUSED_VARIABLE = YES;
				MACOSX_DEPLOYMENT_TARGET = 10.12;
				MTL_ENABLE_DEBUG_INFO = INCLUDE_SOURCE;
				MTL_FAST_MATH = YES;
				ONLY_ACTIVE_ARCH = YES;
				SDKROOT = macosx;
			};
			name = Debug;
		};
		6E04237C2439F6AF00E113F4 /* Release */ = {
			isa = XCBuildConfiguration;
			buildSettings = {
				ALWAYS_SEARCH_USER_PATHS = NO;
				CLANG_ANALYZER_NONNULL = YES;
				CLANG_ANALYZER_NUMBER_OBJECT_CONVERSION = YES_AGGRESSIVE;
				CLANG_CXX_LANGUAGE_STANDARD = "gnu++14";
				CLANG_CXX_LIBRARY = "libc++";
				CLANG_ENABLE_MODULES = YES;
				CLANG_ENABLE_OBJC_ARC = YES;
				CLANG_ENABLE_OBJC_WEAK = YES;
				CLANG_WARN_BLOCK_CAPTURE_AUTORELEASING = YES;
				CLANG_WARN_BOOL_CONVERSION = YES;
				CLANG_WARN_COMMA = YES;
				CLANG_WARN_CONSTANT_CONVERSION = YES;
				CLANG_WARN_DEPRECATED_OBJC_IMPLEMENTATIONS = YES;
				CLANG_WARN_DIRECT_OBJC_ISA_USAGE = YES_ERROR;
				CLANG_WARN_DOCUMENTATION_COMMENTS = YES;
				CLANG_WARN_EMPTY_BODY = YES;
				CLANG_WARN_ENUM_CONVERSION = YES;
				CLANG_WARN_INFINITE_RECURSION = YES;
				CLANG_WARN_INT_CONVERSION = YES;
				CLANG_WARN_NON_LITERAL_NULL_CONVERSION = YES;
				CLANG_WARN_OBJC_IMPLICIT_RETAIN_SELF = YES;
				CLANG_WARN_OBJC_LITERAL_CONVERSION = YES;
				CLANG_WARN_OBJC_ROOT_CLASS = YES_ERROR;
				CLANG_WARN_RANGE_LOOP_ANALYSIS = YES;
				CLANG_WARN_STRICT_PROTOTYPES = YES;
				CLANG_WARN_SUSPICIOUS_MOVE = YES;
				CLANG_WARN_UNGUARDED_AVAILABILITY = YES_AGGRESSIVE;
				CLANG_WARN_UNREACHABLE_CODE = YES;
				CLANG_WARN__DUPLICATE_METHOD_MATCH = YES;
				COPY_PHASE_STRIP = NO;
				DEBUG_INFORMATION_FORMAT = "dwarf-with-dsym";
				ENABLE_NS_ASSERTIONS = NO;
				ENABLE_STRICT_OBJC_MSGSEND = YES;
				GCC_C_LANGUAGE_STANDARD = gnu11;
				GCC_NO_COMMON_BLOCKS = YES;
				GCC_WARN_64_TO_32_BIT_CONVERSION = YES;
				GCC_WARN_ABOUT_RETURN_TYPE = YES_ERROR;
				GCC_WARN_UNDECLARED_SELECTOR = YES;
				GCC_WARN_UNINITIALIZED_AUTOS = YES_AGGRESSIVE;
				GCC_WARN_UNUSED_FUNCTION = YES;
				GCC_WARN_UNUSED_VARIABLE = YES;
				MACOSX_DEPLOYMENT_TARGET = 10.12;
				MTL_ENABLE_DEBUG_INFO = NO;
				MTL_FAST_MATH = YES;
				SDKROOT = macosx;
			};
			name = Release;
		};
		6E04237E2439F6AF00E113F4 /* Debug */ = {
			isa = XCBuildConfiguration;
			baseConfigurationReference = 6E3FB743244438B900A343FE /* Configuration/Config.xcconfig */;
			buildSettings = {
				ASSETCATALOG_COMPILER_APPICON_NAME = AppIcon;
				CODE_SIGN_ENTITLEMENTS = Configuration/MusicBar.entitlements;
				CODE_SIGN_IDENTITY = "Developer ID Application";
				CODE_SIGN_STYLE = Manual;
				COMBINE_HIDPI_IMAGES = YES;
				CURRENT_PROJECT_VERSION = 0.0.0.0.0;
				DEVELOPMENT_TEAM = GD9UG2H679;
				ENABLE_HARDENED_RUNTIME = YES;
				FRAMEWORK_SEARCH_PATHS = (
					"$(inherited)",
					"$(PROJECT_DIR)/Carthage/Build/Mac",
					"$(PROJECT_DIR)/MusicBar.xcodeproj/Private\\ Frameworks",
				);
				INFOPLIST_FILE = Configuration/Info.plist;
				LD_RUNPATH_SEARCH_PATHS = (
					"$(inherited)",
					"@executable_path/../Frameworks",
				);
				MARKETING_VERSION = 0.0.0;
				PRODUCT_BUNDLE_IDENTIFIER = com.dimitarnestorov.MusicBar;
				PRODUCT_NAME = "$(TARGET_NAME)";
				PROVISIONING_PROFILE_SPECIFIER = "";
			};
			name = Debug;
		};
		6E04237F2439F6AF00E113F4 /* Release */ = {
			isa = XCBuildConfiguration;
			baseConfigurationReference = 6E3FB743244438B900A343FE /* Configuration/Config.xcconfig */;
			buildSettings = {
				ASSETCATALOG_COMPILER_APPICON_NAME = AppIcon;
				CODE_SIGN_ENTITLEMENTS = Configuration/MusicBar.entitlements;
				CODE_SIGN_IDENTITY = "Developer ID Application";
				CODE_SIGN_STYLE = Manual;
				COMBINE_HIDPI_IMAGES = YES;
				CURRENT_PROJECT_VERSION = 0.0.0.0.0;
				DEVELOPMENT_TEAM = GD9UG2H679;
				ENABLE_HARDENED_RUNTIME = YES;
				FRAMEWORK_SEARCH_PATHS = (
					"$(inherited)",
					"$(PROJECT_DIR)/Carthage/Build/Mac",
					"$(PROJECT_DIR)/MusicBar.xcodeproj/Private\\ Frameworks",
				);
				INFOPLIST_FILE = Configuration/Info.plist;
				LD_RUNPATH_SEARCH_PATHS = (
					"$(inherited)",
					"@executable_path/../Frameworks",
				);
				MARKETING_VERSION = 0.0.0;
				PRODUCT_BUNDLE_IDENTIFIER = com.dimitarnestorov.MusicBar;
				PRODUCT_NAME = "$(TARGET_NAME)";
				PROVISIONING_PROFILE_SPECIFIER = "";
			};
			name = Release;
		};
/* End XCBuildConfiguration section */

/* Begin XCConfigurationList section */
		6E0423672439F6AE00E113F4 /* Build configuration list for PBXProject "MusicBar" */ = {
			isa = XCConfigurationList;
			buildConfigurations = (
				6E04237B2439F6AF00E113F4 /* Debug */,
				6E04237C2439F6AF00E113F4 /* Release */,
			);
			defaultConfigurationIsVisible = 0;
			defaultConfigurationName = Release;
		};
		6E04237D2439F6AF00E113F4 /* Build configuration list for PBXNativeTarget "MusicBar" */ = {
			isa = XCConfigurationList;
			buildConfigurations = (
				6E04237E2439F6AF00E113F4 /* Debug */,
				6E04237F2439F6AF00E113F4 /* Release */,
			);
			defaultConfigurationIsVisible = 0;
			defaultConfigurationName = Release;
		};
/* End XCConfigurationList section */
	};
	rootObject = 6E0423642439F6AE00E113F4 /* Project object */;
}
